Microsoft Visual Studio Solution File, Format Version 12.00
# Visual Studio 15
VisualStudioVersion = 15.0.27130.2036
MinimumVisualStudioVersion = 10.0.40219.1
Project("{FAE04EC0-301F-11D3-BF4B-00C04F79EFBC}") = "acmu", "acmu\acmu.csproj", "{EF1DEB89-6541-4FAC-9648-2C4962DF9FDD}"
EndProject
Global
	GlobalSection(SolutionConfigurationPlatforms) = preSolution
		Debug|Any CPU = Debug|Any CPU
		Release|Any CPU = Release|Any CPU
	EndGlobalSection
	GlobalSection(ProjectConfigurationPlatforms) = postSolution
		{EF1DEB89-6541-4FAC-9648-2C4962DF9FDD}.Debug|Any CPU.ActiveCfg = Debug|Any CPU
		{EF1DEB89-6541-4FAC-9648-2C4962DF9FDD}.Debug|Any CPU.Build.0 = Debug|Any CPU
		{EF1DEB89-6541-4FAC-9648-2C4962DF9FDD}.Release|Any CPU.ActiveCfg = Release|Any CPU
		{EF1DEB89-6541-4FAC-9648-2C4962DF9FDD}.Release|Any CPU.Build.0 = Release|Any CPU
	EndGlobalSection
	GlobalSection(SolutionProperties) = preSolution
		HideSolutionNode = FALSE
	EndGlobalSection
	GlobalSection(ExtensibilityGlobals) = postSolution
		SolutionGuid = {47D4BD66-CA42-47CD-8F60-F2094DE1FCA1}
	EndGlobalSection
EndGlobal
